
Microsoft Visual Studio Solution File, Format Version 12.00
# Visual Studio Version 16
VisualStudioVersion = 16.0.28803.452
MinimumVisualStudioVersion = 10.0.40219.1
Project("{F184B08F-C81C-45F6-A57F-5ABD9991F28F}") = "PrubasGit", "PrubasGit\PrubasGit.vbproj", "{239A2B66-B153-42B9-BA9B-3386B1D78251}"
EndProject
Global
	GlobalSection(SolutionConfigurationPlatforms) = preSolution
		Debug|Any CPU = Debug|Any CPU
		Release|Any CPU = Release|Any CPU
	EndGlobalSection
	GlobalSection(ProjectConfigurationPlatforms) = postSolution
		{239A2B66-B153-42B9-BA9B-3386B1D78251}.Debug|Any CPU.ActiveCfg = Debug|Any CPU
		{239A2B66-B153-42B9-BA9B-3386B1D78251}.Debug|Any CPU.Build.0 = Debug|Any CPU
		{239A2B66-B153-42B9-BA9B-3386B1D78251}.Release|Any CPU.ActiveCfg = Release|Any CPU
		{239A2B66-B153-42B9-BA9B-3386B1D78251}.Release|Any CPU.Build.0 = Release|Any CPU
	EndGlobalSection
	GlobalSection(SolutionProperties) = preSolution
		HideSolutionNode = FALSE
	EndGlobalSection
	GlobalSection(ExtensibilityGlobals) = postSolution
		SolutionGuid = {A832DFE5-BA61-49C3-9DEA-C8E8E9019F90}
	EndGlobalSection
EndGlobal
